// !$*UTF8*$!
{
	archiveVersion = 1;
	classes = {
	};
	objectVersion = 54;
	objects = {

/* Begin PBXBuildFile section */
		00E356F31AD99517003FC87E /* UjjawaltrivediTests.m in Sources */ = {isa = PBXBuildFile; fileRef = 00E356F21AD99517003FC87E /* UjjawaltrivediTests.m */; };
		13B07FBC1A68108700A75B9A /* AppDelegate.m in Sources */ = {isa = PBXBuildFile; fileRef = 13B07FB01A68108700A75B9A /* AppDelegate.m */; };
		13B07FBF1A68108700A75B9A /* Images.xcassets in Resources */ = {isa = PBXBuildFile; fileRef = 13B07FB51A68108700A75B9A /* Images.xcassets */; };
		13B07FC11A68108700A75B9A /* main.m in Sources */ = {isa = PBXBuildFile; fileRef = 13B07FB71A68108700A75B9A /* main.m */; };
		81AB9BB82411601600AC10FF /* LaunchScreen.storyboard in Resources */ = {isa = PBXBuildFile; fileRef = 81AB9BB72411601600AC10FF /* LaunchScreen.storyboard */; };
		6C219A7FDE824F11B84E0AD8 /* AntDesign.ttf in Resources */ = {isa = PBXBuildFile; fileRef = 91A47A7FC73147F8B1D168F3 /* AntDesign.ttf */; };
		2574A1FAF8E744048B37E7DD /* Entypo.ttf in Resources */ = {isa = PBXBuildFile; fileRef = 2FDCD4107C26451185147BBB /* Entypo.ttf */; };
		7C5333C1E9CA44D585D0047D /* EvilIcons.ttf in Resources */ = {isa = PBXBuildFile; fileRef = 7331FFDF3FF345D9B092F04C /* EvilIcons.ttf */; };
		78FB9A86BF9844EDA97D0BEF /* Feather.ttf in Resources */ = {isa = PBXBuildFile; fileRef = D6EF79E4396A4E7C88CBB5B4 /* Feather.ttf */; };
		26A4CFED38EE4942A5EAC135 /* FontAwesome.ttf in Resources */ = {isa = PBXBuildFile; fileRef = 3FC9FBBC1E6F4308B6AFCAB6 /* FontAwesome.ttf */; };
		64C9C679F75D46B284ECAA12 /* FontAwesome5_Brands.ttf in Resources */ = {isa = PBXBuildFile; fileRef = 814FCA4475CE47B2B1D16533 /* FontAwesome5_Brands.ttf */; };
		67164805B6644F73B7FA7566 /* FontAwesome5_Regular.ttf in Resources */ = {isa = PBXBuildFile; fileRef = 1E3A87F3A8374261A9FC1920 /* FontAwesome5_Regular.ttf */; };
		3399CDA78D4E463E82F89420 /* FontAwesome5_Solid.ttf in Resources */ = {isa = PBXBuildFile; fileRef = 5128DDF9C2D04AFBACF538B0 /* FontAwesome5_Solid.ttf */; };
		A7387B5C481746B6B81731CE /* Fontisto.ttf in Resources */ = {isa = PBXBuildFile; fileRef = CAB4D2337B1943DAB9ED07F1 /* Fontisto.ttf */; };
		42B60378DF4D4FDC84D0EA72 /* Foundation.ttf in Resources */ = {isa = PBXBuildFile; fileRef = 731467B9E7C946BEBA0C6107 /* Foundation.ttf */; };
		326AF519455442C1A71A2B9D /* Ionicons.ttf in Resources */ = {isa = PBXBuildFile; fileRef = C3DE07D9BADB45E79D530B6E /* Ionicons.ttf */; };
		C97D9ED1997D4708B67DF22A /* MaterialCommunityIcons.ttf in Resources */ = {isa = PBXBuildFile; fileRef = 1E3E0B8110244CC984AA27F8 /* MaterialCommunityIcons.ttf */; };
		4E70DEF35B684FDBB0B79AF8 /* MaterialIcons.ttf in Resources */ = {isa = PBXBuildFile; fileRef = 6D569CE60D2C487DADD34C16 /* MaterialIcons.ttf */; };
		AF4C53E78D084F1FAF4206F8 /* Octicons.ttf in Resources */ = {isa = PBXBuildFile; fileRef = 0F28E75F14274C50A6469D10 /* Octicons.ttf */; };
		23E797FBFAC945DCAC14C17D /* Roboto_medium.ttf in Resources */ = {isa = PBXBuildFile; fileRef = 90F22FFEC61B4975B4453147 /* Roboto_medium.ttf */; };
		5683467C43094DCF8BB7C58A /* Roboto.ttf in Resources */ = {isa = PBXBuildFile; fileRef = F580D705C3AB4C03B6D3C72D /* Roboto.ttf */; };
		0A03F9C2A9F5472FBF1F9CBA /* rubicon-icon-font.ttf in Resources */ = {isa = PBXBuildFile; fileRef = A47ED3D5755A4C4A9968E698 /* rubicon-icon-font.ttf */; };
		DEE581B422FD479083A0FB2B /* SimpleLineIcons.ttf in Resources */ = {isa = PBXBuildFile; fileRef = 3D9AD427761942F48FAF92D4 /* SimpleLineIcons.ttf */; };
		F0366E5DB0BC4573A8981D3A /* Zocial.ttf in Resources */ = {isa = PBXBuildFile; fileRef = 662A960C1B66465292DFA57D /* Zocial.ttf */; };
		014C5C8D56754F07A64B30DB /* AntDesign.ttf in Resources */ = {isa = PBXBuildFile; fileRef = 2ED65F2375F247B084BE312C /* AntDesign.ttf */; };
		F35386F0D6C943CFAE94728F /* Entypo.ttf in Resources */ = {isa = PBXBuildFile; fileRef = 73A5DCF4F605487C8220D963 /* Entypo.ttf */; };
		471C638AE5C245BBA2F7483F /* EvilIcons.ttf in Resources */ = {isa = PBXBuildFile; fileRef = 0CE0F75AE4EA4CF5902BCCA7 /* EvilIcons.ttf */; };
		363CE0393BB14CC4A6F4C959 /* Feather.ttf in Resources */ = {isa = PBXBuildFile; fileRef = B59E5BB429634765BEDEE35C /* Feather.ttf */; };
		20BCDBFFA20B4A2DAD9B8C5B /* FontAwesome.ttf in Resources */ = {isa = PBXBuildFile; fileRef = 5B60B251157F4F79B574B693 /* FontAwesome.ttf */; };
		F9BAF93BEA9440588249C2E3 /* FontAwesome5_Brands.ttf in Resources */ = {isa = PBXBuildFile; fileRef = AE9B257C8F09477DBD51171D /* FontAwesome5_Brands.ttf */; };
		5D5D1F5B8DA248B8B5FFE074 /* FontAwesome5_Regular.ttf in Resources */ = {isa = PBXBuildFile; fileRef = 29B7DCE660CD427A868118DF /* FontAwesome5_Regular.ttf */; };
		D3179CB577F04021836F720D /* FontAwesome5_Solid.ttf in Resources */ = {isa = PBXBuildFile; fileRef = 15EEB3F74A99447983159D92 /* FontAwesome5_Solid.ttf */; };
		FD3EF89F8AF443A287F52EE8 /* Fontisto.ttf in Resources */ = {isa = PBXBuildFile; fileRef = C5BF292EE34C49BA8E2449DD /* Fontisto.ttf */; };
		A588DAD9FD434C92B39442A3 /* Foundation.ttf in Resources */ = {isa = PBXBuildFile; fileRef = 3D75E289CD3E44389E70E5BB /* Foundation.ttf */; };
		2EBFA70F252E4C5C95A192C9 /* Ionicons.ttf in Resources */ = {isa = PBXBuildFile; fileRef = 3C76004E8FA0456AA9593EB3 /* Ionicons.ttf */; };
		197339753696419B9FCB867F /* MaterialCommunityIcons.ttf in Resources */ = {isa = PBXBuildFile; fileRef = E63FF507A6904355AF302540 /* MaterialCommunityIcons.ttf */; };
		F04BF40FF8BF481AAB06E977 /* MaterialIcons.ttf in Resources */ = {isa = PBXBuildFile; fileRef = 49F63A997E5B444F94181BE3 /* MaterialIcons.ttf */; };
		375258445DB642B08DA154FF /* Octicons.ttf in Resources */ = {isa = PBXBuildFile; fileRef = 22383BDEB4BD4EEDA0AF9110 /* Octicons.ttf */; };
		98C95E9F57DD4A69A2C94711 /* SimpleLineIcons.ttf in Resources */ = {isa = PBXBuildFile; fileRef = 05EFE4DB7CB44EB491E10052 /* SimpleLineIcons.ttf */; };
		2D84760C6CAE4D01B8938BBE /* Zocial.ttf in Resources */ = {isa = PBXBuildFile; fileRef = D2FF97A85E8A4694B25FE474 /* Zocial.ttf */; };
/* End PBXBuildFile section */

/* Begin PBXContainerItemProxy section */
		00E356F41AD99517003FC87E /* PBXContainerItemProxy */ = {
			isa = PBXContainerItemProxy;
			containerPortal = 83CBB9F71A601CBA00E9B192 /* Project object */;
			proxyType = 1;
			remoteGlobalIDString = 13B07F861A680F5B00A75B9A;
			remoteInfo = Ujjawaltrivedi;
		};
/* End PBXContainerItemProxy section */

/* Begin PBXFileReference section */
		00E356EE1AD99517003FC87E /* UjjawaltrivediTests.xctest */ = {isa = PBXFileReference; explicitFileType = wrapper.cfbundle; includeInIndex = 0; path = UjjawaltrivediTests.xctest; sourceTree = BUILT_PRODUCTS_DIR; };
		00E356F11AD99517003FC87E /* Info.plist */ = {isa = PBXFileReference; lastKnownFileType = text.plist.xml; path = Info.plist; sourceTree = "<group>"; };
		00E356F21AD99517003FC87E /* UjjawaltrivediTests.m */ = {isa = PBXFileReference; lastKnownFileType = sourcecode.c.objc; path = UjjawaltrivediTests.m; sourceTree = "<group>"; };
		13B07F961A680F5B00A75B9A /* Ujjawaltrivedi.app */ = {isa = PBXFileReference; explicitFileType = wrapper.application; includeInIndex = 0; path = Ujjawaltrivedi.app; sourceTree = BUILT_PRODUCTS_DIR; };
		13B07FAF1A68108700A75B9A /* AppDelegate.h */ = {isa = PBXFileReference; fileEncoding = 4; lastKnownFileType = sourcecode.c.h; name = AppDelegate.h; path = Ujjawaltrivedi/AppDelegate.h; sourceTree = "<group>"; };
		13B07FB01A68108700A75B9A /* AppDelegate.m */ = {isa = PBXFileReference; fileEncoding = 4; lastKnownFileType = sourcecode.c.objc; name = AppDelegate.m; path = Ujjawaltrivedi/AppDelegate.m; sourceTree = "<group>"; };
		13B07FB51A68108700A75B9A /* Images.xcassets */ = {isa = PBXFileReference; lastKnownFileType = folder.assetcatalog; name = Images.xcassets; path = Ujjawaltrivedi/Images.xcassets; sourceTree = "<group>"; };
		13B07FB61A68108700A75B9A /* Info.plist */ = {isa = PBXFileReference; fileEncoding = 4; lastKnownFileType = text.plist.xml; name = Info.plist; path = Ujjawaltrivedi/Info.plist; sourceTree = "<group>"; };
		13B07FB71A68108700A75B9A /* main.m */ = {isa = PBXFileReference; fileEncoding = 4; lastKnownFileType = sourcecode.c.objc; name = main.m; path = Ujjawaltrivedi/main.m; sourceTree = "<group>"; };
		81AB9BB72411601600AC10FF /* LaunchScreen.storyboard */ = {isa = PBXFileReference; fileEncoding = 4; lastKnownFileType = file.storyboard; name = LaunchScreen.storyboard; path = Ujjawaltrivedi/LaunchScreen.storyboard; sourceTree = "<group>"; };
		ED297162215061F000B7C4FE /* JavaScriptCore.framework */ = {isa = PBXFileReference; lastKnownFileType = wrapper.framework; name = JavaScriptCore.framework; path = System/Library/Frameworks/JavaScriptCore.framework; sourceTree = SDKROOT; };
		91A47A7FC73147F8B1D168F3 /* AntDesign.ttf */ = {isa = PBXFileReference; name = "AntDesign.ttf"; path = "../node_modules/native-base/Fonts/AntDesign.ttf"; sourceTree = "<group>"; fileEncoding = undefined; lastKnownFileType = unknown; explicitFileType = undefined; includeInIndex = 0; };
		2FDCD4107C26451185147BBB /* Entypo.ttf */ = {isa = PBXFileReference; name = "Entypo.ttf"; path = "../node_modules/native-base/Fonts/Entypo.ttf"; sourceTree = "<group>"; fileEncoding = undefined; lastKnownFileType = unknown; explicitFileType = undefined; includeInIndex = 0; };
		7331FFDF3FF345D9B092F04C /* EvilIcons.ttf */ = {isa = PBXFileReference; name = "EvilIcons.ttf"; path = "../node_modules/native-base/Fonts/EvilIcons.ttf"; sourceTree = "<group>"; fileEncoding = undefined; lastKnownFileType = unknown; explicitFileType = undefined; includeInIndex = 0; };
		D6EF79E4396A4E7C88CBB5B4 /* Feather.ttf */ = {isa = PBXFileReference; name = "Feather.ttf"; path = "../node_modules/native-base/Fonts/Feather.ttf"; sourceTree = "<group>"; fileEncoding = undefined; lastKnownFileType = unknown; explicitFileType = undefined; includeInIndex = 0; };
		3FC9FBBC1E6F4308B6AFCAB6 /* FontAwesome.ttf */ = {isa = PBXFileReference; name = "FontAwesome.ttf"; path = "../node_modules/native-base/Fonts/FontAwesome.ttf"; sourceTree = "<group>"; fileEncoding = undefined; lastKnownFileType = unknown; explicitFileType = undefined; includeInIndex = 0; };
		814FCA4475CE47B2B1D16533 /* FontAwesome5_Brands.ttf */ = {isa = PBXFileReference; name = "FontAwesome5_Brands.ttf"; path = "../node_modules/native-base/Fonts/FontAwesome5_Brands.ttf"; sourceTree = "<group>"; fileEncoding = undefined; lastKnownFileType = unknown; explicitFileType = undefined; includeInIndex = 0; };
		1E3A87F3A8374261A9FC1920 /* FontAwesome5_Regular.ttf */ = {isa = PBXFileReference; name = "FontAwesome5_Regular.ttf"; path = "../node_modules/native-base/Fonts/FontAwesome5_Regular.ttf"; sourceTree = "<group>"; fileEncoding = undefined; lastKnownFileType = unknown; explicitFileType = undefined; includeInIndex = 0; };
		5128DDF9C2D04AFBACF538B0 /* FontAwesome5_Solid.ttf */ = {isa = PBXFileReference; name = "FontAwesome5_Solid.ttf"; path = "../node_modules/native-base/Fonts/FontAwesome5_Solid.ttf"; sourceTree = "<group>"; fileEncoding = undefined; lastKnownFileType = unknown; explicitFileType = undefined; includeInIndex = 0; };
		CAB4D2337B1943DAB9ED07F1 /* Fontisto.ttf */ = {isa = PBXFileReference; name = "Fontisto.ttf"; path = "../node_modules/native-base/Fonts/Fontisto.ttf"; sourceTree = "<group>"; fileEncoding = undefined; lastKnownFileType = unknown; explicitFileType = undefined; includeInIndex = 0; };
		731467B9E7C946BEBA0C6107 /* Foundation.ttf */ = {isa = PBXFileReference; name = "Foundation.ttf"; path = "../node_modules/native-base/Fonts/Foundation.ttf"; sourceTree = "<group>"; fileEncoding = undefined; lastKnownFileType = unknown; explicitFileType = undefined; includeInIndex = 0; };
		C3DE07D9BADB45E79D530B6E /* Ionicons.ttf */ = {isa = PBXFileReference; name = "Ionicons.ttf"; path = "../node_modules/native-base/Fonts/Ionicons.ttf"; sourceTree = "<group>"; fileEncoding = undefined; lastKnownFileType = unknown; explicitFileType = undefined; includeInIndex = 0; };
		1E3E0B8110244CC984AA27F8 /* MaterialCommunityIcons.ttf */ = {isa = PBXFileReference; name = "MaterialCommunityIcons.ttf"; path = "../node_modules/native-base/Fonts/MaterialCommunityIcons.ttf"; sourceTree = "<group>"; fileEncoding = undefined; lastKnownFileType = unknown; explicitFileType = undefined; includeInIndex = 0; };
		6D569CE60D2C487DADD34C16 /* MaterialIcons.ttf */ = {isa = PBXFileReference; name = "MaterialIcons.ttf"; path = "../node_modules/native-base/Fonts/MaterialIcons.ttf"; sourceTree = "<group>"; fileEncoding = undefined; lastKnownFileType = unknown; explicitFileType = undefined; includeInIndex = 0; };
		0F28E75F14274C50A6469D10 /* Octicons.ttf */ = {isa = PBXFileReference; name = "Octicons.ttf"; path = "../node_modules/native-base/Fonts/Octicons.ttf"; sourceTree = "<group>"; fileEncoding = undefined; lastKnownFileType = unknown; explicitFileType = undefined; includeInIndex = 0; };
		90F22FFEC61B4975B4453147 /* Roboto_medium.ttf */ = {isa = PBXFileReference; name = "Roboto_medium.ttf"; path = "../node_modules/native-base/Fonts/Roboto_medium.ttf"; sourceTree = "<group>"; fileEncoding = undefined; lastKnownFileType = unknown; explicitFileType = undefined; includeInIndex = 0; };
		F580D705C3AB4C03B6D3C72D /* Roboto.ttf */ = {isa = PBXFileReference; name = "Roboto.ttf"; path = "../node_modules/native-base/Fonts/Roboto.ttf"; sourceTree = "<group>"; fileEncoding = undefined; lastKnownFileType = unknown; explicitFileType = undefined; includeInIndex = 0; };
		A47ED3D5755A4C4A9968E698 /* rubicon-icon-font.ttf */ = {isa = PBXFileReference; name = "rubicon-icon-font.ttf"; path = "../node_modules/native-base/Fonts/rubicon-icon-font.ttf"; sourceTree = "<group>"; fileEncoding = undefined; lastKnownFileType = unknown; explicitFileType = undefined; includeInIndex = 0; };
		3D9AD427761942F48FAF92D4 /* SimpleLineIcons.ttf */ = {isa = PBXFileReference; name = "SimpleLineIcons.ttf"; path = "../node_modules/native-base/Fonts/SimpleLineIcons.ttf"; sourceTree = "<group>"; fileEncoding = undefined; lastKnownFileType = unknown; explicitFileType = undefined; includeInIndex = 0; };
		662A960C1B66465292DFA57D /* Zocial.ttf */ = {isa = PBXFileReference; name = "Zocial.ttf"; path = "../node_modules/native-base/Fonts/Zocial.ttf"; sourceTree = "<group>"; fileEncoding = undefined; lastKnownFileType = unknown; explicitFileType = undefined; includeInIndex = 0; };
		2ED65F2375F247B084BE312C /* AntDesign.ttf */ = {isa = PBXFileReference; name = "AntDesign.ttf"; path = "../node_modules/react-native-vector-icons/Fonts/AntDesign.ttf"; sourceTree = "<group>"; fileEncoding = undefined; lastKnownFileType = unknown; explicitFileType = undefined; includeInIndex = 0; };
		73A5DCF4F605487C8220D963 /* Entypo.ttf */ = {isa = PBXFileReference; name = "Entypo.ttf"; path = "../node_modules/react-native-vector-icons/Fonts/Entypo.ttf"; sourceTree = "<group>"; fileEncoding = undefined; lastKnownFileType = unknown; explicitFileType = undefined; includeInIndex = 0; };
		0CE0F75AE4EA4CF5902BCCA7 /* EvilIcons.ttf */ = {isa = PBXFileReference; name = "EvilIcons.ttf"; path = "../node_modules/react-native-vector-icons/Fonts/EvilIcons.ttf"; sourceTree = "<group>"; fileEncoding = undefined; lastKnownFileType = unknown; explicitFileType = undefined; includeInIndex = 0; };
		B59E5BB429634765BEDEE35C /* Feather.ttf */ = {isa = PBXFileReference; name = "Feather.ttf"; path = "../node_modules/react-native-vector-icons/Fonts/Feather.ttf"; sourceTree = "<group>"; fileEncoding = undefined; lastKnownFileType = unknown; explicitFileType = undefined; includeInIndex = 0; };
		5B60B251157F4F79B574B693 /* FontAwesome.ttf */ = {isa = PBXFileReference; name = "FontAwesome.ttf"; path = "../node_modules/react-native-vector-icons/Fonts/FontAwesome.ttf"; sourceTree = "<group>"; fileEncoding = undefined; lastKnownFileType = unknown; explicitFileType = undefined; includeInIndex = 0; };
		AE9B257C8F09477DBD51171D /* FontAwesome5_Brands.ttf */ = {isa = PBXFileReference; name = "FontAwesome5_Brands.ttf"; path = "../node_modules/react-native-vector-icons/Fonts/FontAwesome5_Brands.ttf"; sourceTree = "<group>"; fileEncoding = undefined; lastKnownFileType = unknown; explicitFileType = undefined; includeInIndex = 0; };
		29B7DCE660CD427A868118DF /* FontAwesome5_Regular.ttf */ = {isa = PBXFileReference; name = "FontAwesome5_Regular.ttf"; path = "../node_modules/react-native-vector-icons/Fonts/FontAwesome5_Regular.ttf"; sourceTree = "<group>"; fileEncoding = undefined; lastKnownFileType = unknown; explicitFileType = undefined; includeInIndex = 0; };
		15EEB3F74A99447983159D92 /* FontAwesome5_Solid.ttf */ = {isa = PBXFileReference; name = "FontAwesome5_Solid.ttf"; path = "../node_modules/react-native-vector-icons/Fonts/FontAwesome5_Solid.ttf"; sourceTree = "<group>"; fileEncoding = undefined; lastKnownFileType = unknown; explicitFileType = undefined; includeInIndex = 0; };
		C5BF292EE34C49BA8E2449DD /* Fontisto.ttf */ = {isa = PBXFileReference; name = "Fontisto.ttf"; path = "../node_modules/react-native-vector-icons/Fonts/Fontisto.ttf"; sourceTree = "<group>"; fileEncoding = undefined; lastKnownFileType = unknown; explicitFileType = undefined; includeInIndex = 0; };
		3D75E289CD3E44389E70E5BB /* Foundation.ttf */ = {isa = PBXFileReference; name = "Foundation.ttf"; path = "../node_modules/react-native-vector-icons/Fonts/Foundation.ttf"; sourceTree = "<group>"; fileEncoding = undefined; lastKnownFileType = unknown; explicitFileType = undefined; includeInIndex = 0; };
		3C76004E8FA0456AA9593EB3 /* Ionicons.ttf */ = {isa = PBXFileReference; name = "Ionicons.ttf"; path = "../node_modules/react-native-vector-icons/Fonts/Ionicons.ttf"; sourceTree = "<group>"; fileEncoding = undefined; lastKnownFileType = unknown; explicitFileType = undefined; includeInIndex = 0; };
		E63FF507A6904355AF302540 /* MaterialCommunityIcons.ttf */ = {isa = PBXFileReference; name = "MaterialCommunityIcons.ttf"; path = "../node_modules/react-native-vector-icons/Fonts/MaterialCommunityIcons.ttf"; sourceTree = "<group>"; fileEncoding = undefined; lastKnownFileType = unknown; explicitFileType = undefined; includeInIndex = 0; };
		49F63A997E5B444F94181BE3 /* MaterialIcons.ttf */ = {isa = PBXFileReference; name = "MaterialIcons.ttf"; path = "../node_modules/react-native-vector-icons/Fonts/MaterialIcons.ttf"; sourceTree = "<group>"; fileEncoding = undefined; lastKnownFileType = unknown; explicitFileType = undefined; includeInIndex = 0; };
		22383BDEB4BD4EEDA0AF9110 /* Octicons.ttf */ = {isa = PBXFileReference; name = "Octicons.ttf"; path = "../node_modules/react-native-vector-icons/Fonts/Octicons.ttf"; sourceTree = "<group>"; fileEncoding = undefined; lastKnownFileType = unknown; explicitFileType = undefined; includeInIndex = 0; };
		05EFE4DB7CB44EB491E10052 /* SimpleLineIcons.ttf */ = {isa = PBXFileReference; name = "SimpleLineIcons.ttf"; path = "../node_modules/react-native-vector-icons/Fonts/SimpleLineIcons.ttf"; sourceTree = "<group>"; fileEncoding = undefined; lastKnownFileType = unknown; explicitFileType = undefined; includeInIndex = 0; };
		D2FF97A85E8A4694B25FE474 /* Zocial.ttf */ = {isa = PBXFileReference; name = "Zocial.ttf"; path = "../node_modules/react-native-vector-icons/Fonts/Zocial.ttf"; sourceTree = "<group>"; fileEncoding = undefined; lastKnownFileType = unknown; explicitFileType = undefined; includeInIndex = 0; };
/* End PBXFileReference section */

/* Begin PBXFrameworksBuildPhase section */
		00E356EB1AD99517003FC87E /* Frameworks */ = {
			isa = PBXFrameworksBuildPhase;
			buildActionMask = 2147483647;
			files = (
			);
			runOnlyForDeploymentPostprocessing = 0;
		};
		13B07F8C1A680F5B00A75B9A /* Frameworks */ = {
			isa = PBXFrameworksBuildPhase;
			buildActionMask = 2147483647;
			files = (
			);
			runOnlyForDeploymentPostprocessing = 0;
		};
/* End PBXFrameworksBuildPhase section */

/* Begin PBXGroup section */
		00E356EF1AD99517003FC87E /* UjjawaltrivediTests */ = {
			isa = PBXGroup;
			children = (
				00E356F21AD99517003FC87E /* UjjawaltrivediTests.m */,
				00E356F01AD99517003FC87E /* Supporting Files */,
			);
			path = UjjawaltrivediTests;
			sourceTree = "<group>";
		};
		00E356F01AD99517003FC87E /* Supporting Files */ = {
			isa = PBXGroup;
			children = (
				00E356F11AD99517003FC87E /* Info.plist */,
			);
			name = "Supporting Files";
			sourceTree = "<group>";
		};
		13B07FAE1A68108700A75B9A /* Ujjawaltrivedi */ = {
			isa = PBXGroup;
			children = (
				13B07FAF1A68108700A75B9A /* AppDelegate.h */,
				13B07FB01A68108700A75B9A /* AppDelegate.m */,
				13B07FB51A68108700A75B9A /* Images.xcassets */,
				13B07FB61A68108700A75B9A /* Info.plist */,
				81AB9BB72411601600AC10FF /* LaunchScreen.storyboard */,
				13B07FB71A68108700A75B9A /* main.m */,
			);
			name = Ujjawaltrivedi;
			sourceTree = "<group>";
		};
		2D16E6871FA4F8E400B85C8A /* Frameworks */ = {
			isa = PBXGroup;
			children = (
				ED297162215061F000B7C4FE /* JavaScriptCore.framework */,
			);
			name = Frameworks;
			sourceTree = "<group>";
		};
		832341AE1AAA6A7D00B99B32 /* Libraries */ = {
			isa = PBXGroup;
			children = (
			);
			name = Libraries;
			sourceTree = "<group>";
		};
		83CBB9F61A601CBA00E9B192 = {
			isa = PBXGroup;
			children = (
				13B07FAE1A68108700A75B9A /* Ujjawaltrivedi */,
				832341AE1AAA6A7D00B99B32 /* Libraries */,
				00E356EF1AD99517003FC87E /* UjjawaltrivediTests */,
				83CBBA001A601CBA00E9B192 /* Products */,
				2D16E6871FA4F8E400B85C8A /* Frameworks */,
				AD0D6DD3167B44AA975062D0 /* Resources */,
			);
			indentWidth = 2;
			sourceTree = "<group>";
			tabWidth = 2;
			usesTabs = 0;
		};
		83CBBA001A601CBA00E9B192 /* Products */ = {
			isa = PBXGroup;
			children = (
				13B07F961A680F5B00A75B9A /* Ujjawaltrivedi.app */,
				00E356EE1AD99517003FC87E /* UjjawaltrivediTests.xctest */,
			);
			name = Products;
			sourceTree = "<group>";
		};
		AD0D6DD3167B44AA975062D0 /* Resources */ = {
			isa = "PBXGroup";
			children = (
				91A47A7FC73147F8B1D168F3 /* AntDesign.ttf */,
				2FDCD4107C26451185147BBB /* Entypo.ttf */,
				7331FFDF3FF345D9B092F04C /* EvilIcons.ttf */,
				D6EF79E4396A4E7C88CBB5B4 /* Feather.ttf */,
				3FC9FBBC1E6F4308B6AFCAB6 /* FontAwesome.ttf */,
				814FCA4475CE47B2B1D16533 /* FontAwesome5_Brands.ttf */,
				1E3A87F3A8374261A9FC1920 /* FontAwesome5_Regular.ttf */,
				5128DDF9C2D04AFBACF538B0 /* FontAwesome5_Solid.ttf */,
				CAB4D2337B1943DAB9ED07F1 /* Fontisto.ttf */,
				731467B9E7C946BEBA0C6107 /* Foundation.ttf */,
				C3DE07D9BADB45E79D530B6E /* Ionicons.ttf */,
				1E3E0B8110244CC984AA27F8 /* MaterialCommunityIcons.ttf */,
				6D569CE60D2C487DADD34C16 /* MaterialIcons.ttf */,
				0F28E75F14274C50A6469D10 /* Octicons.ttf */,
				90F22FFEC61B4975B4453147 /* Roboto_medium.ttf */,
				F580D705C3AB4C03B6D3C72D /* Roboto.ttf */,
				A47ED3D5755A4C4A9968E698 /* rubicon-icon-font.ttf */,
				3D9AD427761942F48FAF92D4 /* SimpleLineIcons.ttf */,
				662A960C1B66465292DFA57D /* Zocial.ttf */,
				2ED65F2375F247B084BE312C /* AntDesign.ttf */,
				73A5DCF4F605487C8220D963 /* Entypo.ttf */,
				0CE0F75AE4EA4CF5902BCCA7 /* EvilIcons.ttf */,
				B59E5BB429634765BEDEE35C /* Feather.ttf */,
				5B60B251157F4F79B574B693 /* FontAwesome.ttf */,
				AE9B257C8F09477DBD51171D /* FontAwesome5_Brands.ttf */,
				29B7DCE660CD427A868118DF /* FontAwesome5_Regular.ttf */,
				15EEB3F74A99447983159D92 /* FontAwesome5_Solid.ttf */,
				C5BF292EE34C49BA8E2449DD /* Fontisto.ttf */,
				3D75E289CD3E44389E70E5BB /* Foundation.ttf */,
				3C76004E8FA0456AA9593EB3 /* Ionicons.ttf */,
				E63FF507A6904355AF302540 /* MaterialCommunityIcons.ttf */,
				49F63A997E5B444F94181BE3 /* MaterialIcons.ttf */,
				22383BDEB4BD4EEDA0AF9110 /* Octicons.ttf */,
				05EFE4DB7CB44EB491E10052 /* SimpleLineIcons.ttf */,
				D2FF97A85E8A4694B25FE474 /* Zocial.ttf */,
			);
			name = Resources;
			sourceTree = "<group>";
			path = "";
		};
/* End PBXGroup section */

/* Begin PBXNativeTarget section */
		00E356ED1AD99517003FC87E /* UjjawaltrivediTests */ = {
			isa = PBXNativeTarget;
			buildConfigurationList = 00E357021AD99517003FC87E /* Build configuration list for PBXNativeTarget "UjjawaltrivediTests" */;
			buildPhases = (
				00E356EA1AD99517003FC87E /* Sources */,
				00E356EB1AD99517003FC87E /* Frameworks */,
				00E356EC1AD99517003FC87E /* Resources */,
			);
			buildRules = (
			);
			dependencies = (
				00E356F51AD99517003FC87E /* PBXTargetDependency */,
			);
			name = UjjawaltrivediTests;
			productName = UjjawaltrivediTests;
			productReference = 00E356EE1AD99517003FC87E /* UjjawaltrivediTests.xctest */;
			productType = "com.apple.product-type.bundle.unit-test";
		};
		13B07F861A680F5B00A75B9A /* Ujjawaltrivedi */ = {
			isa = PBXNativeTarget;
			buildConfigurationList = 13B07F931A680F5B00A75B9A /* Build configuration list for PBXNativeTarget "Ujjawaltrivedi" */;
			buildPhases = (
				FD10A7F022414F080027D42C /* Start Packager */,
				13B07F871A680F5B00A75B9A /* Sources */,
				13B07F8C1A680F5B00A75B9A /* Frameworks */,
				13B07F8E1A680F5B00A75B9A /* Resources */,
				00DD1BFF1BD5951E006B06BC /* Bundle React Native code and images */,
			);
			buildRules = (
			);
			dependencies = (
			);
			name = Ujjawaltrivedi;
			productName = Ujjawaltrivedi;
			productReference = 13B07F961A680F5B00A75B9A /* Ujjawaltrivedi.app */;
			productType = "com.apple.product-type.application";
		};
/* End PBXNativeTarget section */

/* Begin PBXProject section */
		83CBB9F71A601CBA00E9B192 /* Project object */ = {
			isa = PBXProject;
			attributes = {
				LastUpgradeCheck = 1210;
				TargetAttributes = {
					00E356ED1AD99517003FC87E = {
						CreatedOnToolsVersion = 6.2;
						TestTargetID = 13B07F861A680F5B00A75B9A;
					};
					13B07F861A680F5B00A75B9A = {
						LastSwiftMigration = 1120;
					};
				};
			};
			buildConfigurationList = 83CBB9FA1A601CBA00E9B192 /* Build configuration list for PBXProject "Ujjawaltrivedi" */;
			compatibilityVersion = "Xcode 12.0";
			developmentRegion = en;
			hasScannedForEncodings = 0;
			knownRegions = (
				en,
				Base,
			);
			mainGroup = 83CBB9F61A601CBA00E9B192;
			productRefGroup = 83CBBA001A601CBA00E9B192 /* Products */;
			projectDirPath = "";
			projectRoot = "";
			targets = (
				13B07F861A680F5B00A75B9A /* Ujjawaltrivedi */,
				00E356ED1AD99517003FC87E /* UjjawaltrivediTests */,
			);
		};
/* End PBXProject section */

/* Begin PBXResourcesBuildPhase section */
		00E356EC1AD99517003FC87E /* Resources */ = {
			isa = PBXResourcesBuildPhase;
			buildActionMask = 2147483647;
			files = (
			);
			runOnlyForDeploymentPostprocessing = 0;
		};
		13B07F8E1A680F5B00A75B9A /* Resources */ = {
			isa = PBXResourcesBuildPhase;
			buildActionMask = 2147483647;
			files = (
				81AB9BB82411601600AC10FF /* LaunchScreen.storyboard in Resources */,
				13B07FBF1A68108700A75B9A /* Images.xcassets in Resources */,
				6C219A7FDE824F11B84E0AD8 /* AntDesign.ttf in Resources */,
				2574A1FAF8E744048B37E7DD /* Entypo.ttf in Resources */,
				7C5333C1E9CA44D585D0047D /* EvilIcons.ttf in Resources */,
				78FB9A86BF9844EDA97D0BEF /* Feather.ttf in Resources */,
				26A4CFED38EE4942A5EAC135 /* FontAwesome.ttf in Resources */,
				64C9C679F75D46B284ECAA12 /* FontAwesome5_Brands.ttf in Resources */,
				67164805B6644F73B7FA7566 /* FontAwesome5_Regular.ttf in Resources */,
				3399CDA78D4E463E82F89420 /* FontAwesome5_Solid.ttf in Resources */,
				A7387B5C481746B6B81731CE /* Fontisto.ttf in Resources */,
				42B60378DF4D4FDC84D0EA72 /* Foundation.ttf in Resources */,
				326AF519455442C1A71A2B9D /* Ionicons.ttf in Resources */,
				C97D9ED1997D4708B67DF22A /* MaterialCommunityIcons.ttf in Resources */,
				4E70DEF35B684FDBB0B79AF8 /* MaterialIcons.ttf in Resources */,
				AF4C53E78D084F1FAF4206F8 /* Octicons.ttf in Resources */,
				23E797FBFAC945DCAC14C17D /* Roboto_medium.ttf in Resources */,
				5683467C43094DCF8BB7C58A /* Roboto.ttf in Resources */,
				0A03F9C2A9F5472FBF1F9CBA /* rubicon-icon-font.ttf in Resources */,
				DEE581B422FD479083A0FB2B /* SimpleLineIcons.ttf in Resources */,
				F0366E5DB0BC4573A8981D3A /* Zocial.ttf in Resources */,
				014C5C8D56754F07A64B30DB /* AntDesign.ttf in Resources */,
				F35386F0D6C943CFAE94728F /* Entypo.ttf in Resources */,
				471C638AE5C245BBA2F7483F /* EvilIcons.ttf in Resources */,
				363CE0393BB14CC4A6F4C959 /* Feather.ttf in Resources */,
				20BCDBFFA20B4A2DAD9B8C5B /* FontAwesome.ttf in Resources */,
				F9BAF93BEA9440588249C2E3 /* FontAwesome5_Brands.ttf in Resources */,
				5D5D1F5B8DA248B8B5FFE074 /* FontAwesome5_Regular.ttf in Resources */,
				D3179CB577F04021836F720D /* FontAwesome5_Solid.ttf in Resources */,
				FD3EF89F8AF443A287F52EE8 /* Fontisto.ttf in Resources */,
				A588DAD9FD434C92B39442A3 /* Foundation.ttf in Resources */,
				2EBFA70F252E4C5C95A192C9 /* Ionicons.ttf in Resources */,
				197339753696419B9FCB867F /* MaterialCommunityIcons.ttf in Resources */,
				F04BF40FF8BF481AAB06E977 /* MaterialIcons.ttf in Resources */,
				375258445DB642B08DA154FF /* Octicons.ttf in Resources */,
				98C95E9F57DD4A69A2C94711 /* SimpleLineIcons.ttf in Resources */,
				2D84760C6CAE4D01B8938BBE /* Zocial.ttf in Resources */,
			);
			runOnlyForDeploymentPostprocessing = 0;
		};
/* End PBXResourcesBuildPhase section */

/* Begin PBXShellScriptBuildPhase section */
		00DD1BFF1BD5951E006B06BC /* Bundle React Native code and images */ = {
			isa = PBXShellScriptBuildPhase;
			buildActionMask = 2147483647;
			files = (
			);
			inputPaths = (
			);
			name = "Bundle React Native code and images";
			outputPaths = (
			);
			runOnlyForDeploymentPostprocessing = 0;
			shellPath = /bin/sh;
			shellScript = "set -e\n\nexport NODE_BINARY=node\n../node_modules/react-native/scripts/react-native-xcode.sh\n";
		};
		FD10A7F022414F080027D42C /* Start Packager */ = {
			isa = PBXShellScriptBuildPhase;
			buildActionMask = 2147483647;
			files = (
			);
			inputFileListPaths = (
			);
			inputPaths = (
			);
			name = "Start Packager";
			outputFileListPaths = (
			);
			outputPaths = (
			);
			runOnlyForDeploymentPostprocessing = 0;
			shellPath = /bin/sh;
			shellScript = "export RCT_METRO_PORT=\"${RCT_METRO_PORT:=8081}\"\necho \"export RCT_METRO_PORT=${RCT_METRO_PORT}\" > \"${SRCROOT}/../node_modules/react-native/scripts/.packager.env\"\nif [ -z \"${RCT_NO_LAUNCH_PACKAGER+xxx}\" ] ; then\n  if nc -w 5 -z localhost ${RCT_METRO_PORT} ; then\n    if ! curl -s \"http://localhost:${RCT_METRO_PORT}/status\" | grep -q \"packager-status:running\" ; then\n      echo \"Port ${RCT_METRO_PORT} already in use, packager is either not running or not running correctly\"\n      exit 2\n    fi\n  else\n    open \"$SRCROOT/../node_modules/react-native/scripts/launchPackager.command\" || echo \"Can't start packager automatically\"\n  fi\nfi\n";
			showEnvVarsInLog = 0;
		};
/* End PBXShellScriptBuildPhase section */

/* Begin PBXSourcesBuildPhase section */
		00E356EA1AD99517003FC87E /* Sources */ = {
			isa = PBXSourcesBuildPhase;
			buildActionMask = 2147483647;
			files = (
				00E356F31AD99517003FC87E /* UjjawaltrivediTests.m in Sources */,
			);
			runOnlyForDeploymentPostprocessing = 0;
		};
		13B07F871A680F5B00A75B9A /* Sources */ = {
			isa = PBXSourcesBuildPhase;
			buildActionMask = 2147483647;
			files = (
				13B07FBC1A68108700A75B9A /* AppDelegate.m in Sources */,
				13B07FC11A68108700A75B9A /* main.m in Sources */,
			);
			runOnlyForDeploymentPostprocessing = 0;
		};
/* End PBXSourcesBuildPhase section */

/* Begin PBXTargetDependency section */
		00E356F51AD99517003FC87E /* PBXTargetDependency */ = {
			isa = PBXTargetDependency;
			target = 13B07F861A680F5B00A75B9A /* Ujjawaltrivedi */;
			targetProxy = 00E356F41AD99517003FC87E /* PBXContainerItemProxy */;
		};
/* End PBXTargetDependency section */

/* Begin XCBuildConfiguration section */
		00E356F61AD99517003FC87E /* Debug */ = {
			isa = XCBuildConfiguration;
			buildSettings = {
				BUNDLE_LOADER = "$(TEST_HOST)";
				GCC_PREPROCESSOR_DEFINITIONS = (
					"DEBUG=1",
					"$(inherited)",
				);
				INFOPLIST_FILE = UjjawaltrivediTests/Info.plist;
				IPHONEOS_DEPLOYMENT_TARGET = 11.0;
				LD_RUNPATH_SEARCH_PATHS = (
					"$(inherited)",
					"@executable_path/Frameworks",
					"@loader_path/Frameworks",
				);
				OTHER_LDFLAGS = (
					"-ObjC",
					"-lc++",
					"$(inherited)",
				);
				PRODUCT_BUNDLE_IDENTIFIER = "org.reactjs.native.example.$(PRODUCT_NAME:rfc1034identifier)";
				PRODUCT_NAME = "$(TARGET_NAME)";
				TEST_HOST = "$(BUILT_PRODUCTS_DIR)/Ujjawaltrivedi.app/Ujjawaltrivedi";
			};
			name = Debug;
		};
		00E356F71AD99517003FC87E /* Release */ = {
			isa = XCBuildConfiguration;
			buildSettings = {
				BUNDLE_LOADER = "$(TEST_HOST)";
				COPY_PHASE_STRIP = NO;
				INFOPLIST_FILE = UjjawaltrivediTests/Info.plist;
				IPHONEOS_DEPLOYMENT_TARGET = 11.0;
				LD_RUNPATH_SEARCH_PATHS = (
					"$(inherited)",
					"@executable_path/Frameworks",
					"@loader_path/Frameworks",
				);
				OTHER_LDFLAGS = (
					"-ObjC",
					"-lc++",
					"$(inherited)",
				);
				PRODUCT_BUNDLE_IDENTIFIER = "org.reactjs.native.example.$(PRODUCT_NAME:rfc1034identifier)";
				PRODUCT_NAME = "$(TARGET_NAME)";
				TEST_HOST = "$(BUILT_PRODUCTS_DIR)/Ujjawaltrivedi.app/Ujjawaltrivedi";
			};
			name = Release;
		};
		13B07F941A680F5B00A75B9A /* Debug */ = {
			isa = XCBuildConfiguration;
			buildSettings = {
				ASSETCATALOG_COMPILER_APPICON_NAME = AppIcon;
				CLANG_ENABLE_MODULES = YES;
				CURRENT_PROJECT_VERSION = 1;
				ENABLE_BITCODE = NO;
				INFOPLIST_FILE = Ujjawaltrivedi/Info.plist;
				LD_RUNPATH_SEARCH_PATHS = (
					"$(inherited)",
					"@executable_path/Frameworks",
				);
				OTHER_LDFLAGS = (
					"$(inherited)",
					"-ObjC",
					"-lc++",
				);
				PRODUCT_BUNDLE_IDENTIFIER = "org.reactjs.native.example.$(PRODUCT_NAME:rfc1034identifier)";
				PRODUCT_NAME = Ujjawaltrivedi;
				SWIFT_OPTIMIZATION_LEVEL = "-Onone";
				SWIFT_VERSION = 5.0;
				VERSIONING_SYSTEM = "apple-generic";
			};
			name = Debug;
		};
		13B07F951A680F5B00A75B9A /* Release */ = {
			isa = XCBuildConfiguration;
			buildSettings = {
				ASSETCATALOG_COMPILER_APPICON_NAME = AppIcon;
				CLANG_ENABLE_MODULES = YES;
				CURRENT_PROJECT_VERSION = 1;
				INFOPLIST_FILE = Ujjawaltrivedi/Info.plist;
				LD_RUNPATH_SEARCH_PATHS = (
					"$(inherited)",
					"@executable_path/Frameworks",
				);
				OTHER_LDFLAGS = (
					"$(inherited)",
					"-ObjC",
					"-lc++",
				);
				PRODUCT_BUNDLE_IDENTIFIER = "org.reactjs.native.example.$(PRODUCT_NAME:rfc1034identifier)";
				PRODUCT_NAME = Ujjawaltrivedi;
				SWIFT_VERSION = 5.0;
				VERSIONING_SYSTEM = "apple-generic";
			};
			name = Release;
		};
		83CBBA201A601CBA00E9B192 /* Debug */ = {
			isa = XCBuildConfiguration;
			buildSettings = {
				ALWAYS_SEARCH_USER_PATHS = NO;
				CLANG_ANALYZER_LOCALIZABILITY_NONLOCALIZED = YES;
				CLANG_CXX_LANGUAGE_STANDARD = "gnu++0x";
				CLANG_CXX_LIBRARY = "libc++";
				CLANG_ENABLE_MODULES = YES;
				CLANG_ENABLE_OBJC_ARC = YES;
				CLANG_WARN_BLOCK_CAPTURE_AUTORELEASING = YES;
				CLANG_WARN_BOOL_CONVERSION = YES;
				CLANG_WARN_COMMA = YES;
				CLANG_WARN_CONSTANT_CONVERSION = YES;
				CLANG_WARN_DEPRECATED_OBJC_IMPLEMENTATIONS = YES;
				CLANG_WARN_DIRECT_OBJC_ISA_USAGE = YES_ERROR;
				CLANG_WARN_EMPTY_BODY = YES;
				CLANG_WARN_ENUM_CONVERSION = YES;
				CLANG_WARN_INFINITE_RECURSION = YES;
				CLANG_WARN_INT_CONVERSION = YES;
				CLANG_WARN_NON_LITERAL_NULL_CONVERSION = YES;
				CLANG_WARN_OBJC_IMPLICIT_RETAIN_SELF = YES;
				CLANG_WARN_OBJC_LITERAL_CONVERSION = YES;
				CLANG_WARN_OBJC_ROOT_CLASS = YES_ERROR;
				CLANG_WARN_QUOTED_INCLUDE_IN_FRAMEWORK_HEADER = YES;
				CLANG_WARN_RANGE_LOOP_ANALYSIS = YES;
				CLANG_WARN_STRICT_PROTOTYPES = YES;
				CLANG_WARN_SUSPICIOUS_MOVE = YES;
				CLANG_WARN_UNREACHABLE_CODE = YES;
				CLANG_WARN__DUPLICATE_METHOD_MATCH = YES;
				"CODE_SIGN_IDENTITY[sdk=iphoneos*]" = "iPhone Developer";
				COPY_PHASE_STRIP = NO;
				ENABLE_STRICT_OBJC_MSGSEND = YES;
				ENABLE_TESTABILITY = YES;
				GCC_C_LANGUAGE_STANDARD = gnu99;
				GCC_DYNAMIC_NO_PIC = NO;
				GCC_NO_COMMON_BLOCKS = YES;
				GCC_OPTIMIZATION_LEVEL = 0;
				GCC_PREPROCESSOR_DEFINITIONS = (
					"DEBUG=1",
					"$(inherited)",
				);
				GCC_SYMBOLS_PRIVATE_EXTERN = NO;
				GCC_WARN_64_TO_32_BIT_CONVERSION = YES;
				GCC_WARN_ABOUT_RETURN_TYPE = YES_ERROR;
				GCC_WARN_UNDECLARED_SELECTOR = YES;
				GCC_WARN_UNINITIALIZED_AUTOS = YES_AGGRESSIVE;
				GCC_WARN_UNUSED_FUNCTION = YES;
				GCC_WARN_UNUSED_VARIABLE = YES;
				IPHONEOS_DEPLOYMENT_TARGET = 11.0;
				LD_RUNPATH_SEARCH_PATHS = (
					/usr/lib/swift,
					"$(inherited)",
				);
				LIBRARY_SEARCH_PATHS = (
					"\"$(TOOLCHAIN_DIR)/usr/lib/swift/$(PLATFORM_NAME)\"",
					"\"$(TOOLCHAIN_DIR)/usr/lib/swift-5.0/$(PLATFORM_NAME)\"",
					"\"$(inherited)\"",
				);
				MTL_ENABLE_DEBUG_INFO = YES;
				ONLY_ACTIVE_ARCH = YES;
				SDKROOT = iphoneos;
			};
			name = Debug;
		};
		83CBBA211A601CBA00E9B192 /* Release */ = {
			isa = XCBuildConfiguration;
			buildSettings = {
				ALWAYS_SEARCH_USER_PATHS = NO;
				CLANG_ANALYZER_LOCALIZABILITY_NONLOCALIZED = YES;
				CLANG_CXX_LANGUAGE_STANDARD = "gnu++0x";
				CLANG_CXX_LIBRARY = "libc++";
				CLANG_ENABLE_MODULES = YES;
				CLANG_ENABLE_OBJC_ARC = YES;
				CLANG_WARN_BLOCK_CAPTURE_AUTORELEASING = YES;
				CLANG_WARN_BOOL_CONVERSION = YES;
				CLANG_WARN_COMMA = YES;
				CLANG_WARN_CONSTANT_CONVERSION = YES;
				CLANG_WARN_DEPRECATED_OBJC_IMPLEMENTATIONS = YES;
				CLANG_WARN_DIRECT_OBJC_ISA_USAGE = YES_ERROR;
				CLANG_WARN_EMPTY_BODY = YES;
				CLANG_WARN_ENUM_CONVERSION = YES;
				CLANG_WARN_INFINITE_RECURSION = YES;
				CLANG_WARN_INT_CONVERSION = YES;
				CLANG_WARN_NON_LITERAL_NULL_CONVERSION = YES;
				CLANG_WARN_OBJC_IMPLICIT_RETAIN_SELF = YES;
				CLANG_WARN_OBJC_LITERAL_CONVERSION = YES;
				CLANG_WARN_OBJC_ROOT_CLASS = YES_ERROR;
				CLANG_WARN_QUOTED_INCLUDE_IN_FRAMEWORK_HEADER = YES;
				CLANG_WARN_RANGE_LOOP_ANALYSIS = YES;
				CLANG_WARN_STRICT_PROTOTYPES = YES;
				CLANG_WARN_SUSPICIOUS_MOVE = YES;
				CLANG_WARN_UNREACHABLE_CODE = YES;
				CLANG_WARN__DUPLICATE_METHOD_MATCH = YES;
				"CODE_SIGN_IDENTITY[sdk=iphoneos*]" = "iPhone Developer";
				COPY_PHASE_STRIP = YES;
				ENABLE_NS_ASSERTIONS = NO;
				ENABLE_STRICT_OBJC_MSGSEND = YES;
				GCC_C_LANGUAGE_STANDARD = gnu99;
				GCC_NO_COMMON_BLOCKS = YES;
				GCC_WARN_64_TO_32_BIT_CONVERSION = YES;
				GCC_WARN_ABOUT_RETURN_TYPE = YES_ERROR;
				GCC_WARN_UNDECLARED_SELECTOR = YES;
				GCC_WARN_UNINITIALIZED_AUTOS = YES_AGGRESSIVE;
				GCC_WARN_UNUSED_FUNCTION = YES;
				GCC_WARN_UNUSED_VARIABLE = YES;
				IPHONEOS_DEPLOYMENT_TARGET = 11.0;
				LD_RUNPATH_SEARCH_PATHS = (
					/usr/lib/swift,
					"$(inherited)",
				);
				LIBRARY_SEARCH_PATHS = (
					"\"$(TOOLCHAIN_DIR)/usr/lib/swift/$(PLATFORM_NAME)\"",
					"\"$(TOOLCHAIN_DIR)/usr/lib/swift-5.0/$(PLATFORM_NAME)\"",
					"\"$(inherited)\"",
				);
				MTL_ENABLE_DEBUG_INFO = NO;
				SDKROOT = iphoneos;
				VALIDATE_PRODUCT = YES;
			};
			name = Release;
		};
/* End XCBuildConfiguration section */

/* Begin XCConfigurationList section */
		00E357021AD99517003FC87E /* Build configuration list for PBXNativeTarget "UjjawaltrivediTests" */ = {
			isa = XCConfigurationList;
			buildConfigurations = (
				00E356F61AD99517003FC87E /* Debug */,
				00E356F71AD99517003FC87E /* Release */,
			);
			defaultConfigurationIsVisible = 0;
			defaultConfigurationName = Release;
		};
		13B07F931A680F5B00A75B9A /* Build configuration list for PBXNativeTarget "Ujjawaltrivedi" */ = {
			isa = XCConfigurationList;
			buildConfigurations = (
				13B07F941A680F5B00A75B9A /* Debug */,
				13B07F951A680F5B00A75B9A /* Release */,
			);
			defaultConfigurationIsVisible = 0;
			defaultConfigurationName = Release;
		};
		83CBB9FA1A601CBA00E9B192 /* Build configuration list for PBXProject "Ujjawaltrivedi" */ = {
			isa = XCConfigurationList;
			buildConfigurations = (
				83CBBA201A601CBA00E9B192 /* Debug */,
				83CBBA211A601CBA00E9B192 /* Release */,
			);
			defaultConfigurationIsVisible = 0;
			defaultConfigurationName = Release;
		};
/* End XCConfigurationList section */
	};
	rootObject = 83CBB9F71A601CBA00E9B192 /* Project object */;
}
